// !$*UTF8*$!
{
	archiveVersion = 1;
	classes = {
	};
	objectVersion = 46;
	objects = {

/* Begin PBXBuildFile section */
		F554E11019D99F1D0026D986 /* main.m in Sources */ = {isa = PBXBuildFile; fileRef = F554E10F19D99F1D0026D986 /* main.m */; };
		F554E11819D99F6C0026D986 /* Fraction.m in Sources */ = {isa = PBXBuildFile; fileRef = F554E11719D99F6C0026D986 /* Fraction.m */; };
		F554E11B19DA40D30026D986 /* XYPoint.m in Sources */ = {isa = PBXBuildFile; fileRef = F554E11A19DA40D30026D986 /* XYPoint.m */; };
		F554E11E19DA4E5A0026D986 /* MathOps.m in Sources */ = {isa = PBXBuildFile; fileRef = F554E11D19DA4E5A0026D986 /* MathOps.m */; };
		F5B52DC919DBAB8B00BC08D2 /* TestAppDelegate.m in Sources */ = {isa = PBXBuildFile; fileRef = F5B52DC819DBAB8B00BC08D2 /* TestAppDelegate.m */; };
		F5B52DCC19DBF06D00BC08D2 /* main+number.m in Sources */ = {isa = PBXBuildFile; fileRef = F5B52DCB19DBF06D00BC08D2 /* main+number.m */; };
		F5B52DCE19DC047F00BC08D2 /* main+array.m in Sources */ = {isa = PBXBuildFile; fileRef = F5B52DCD19DC047F00BC08D2 /* main+array.m */; };
		F5B52DD019DC252600BC08D2 /* main+NSValue.m in Sources */ = {isa = PBXBuildFile; fileRef = F5B52DCF19DC252600BC08D2 /* main+NSValue.m */; };
		F5B52DD219DCDDD700BC08D2 /* main+NSSet.m in Sources */ = {isa = PBXBuildFile; fileRef = F5B52DD119DCDDD700BC08D2 /* main+NSSet.m */; };
		F5B52DD419DCE64900BC08D2 /* main+NSFileManager.m in Sources */ = {isa = PBXBuildFile; fileRef = F5B52DD319DCE64900BC08D2 /* main+NSFileManager.m */; };
		F5CE13E219DB00ED005E43AE /* MathOpsMinus.m in Sources */ = {isa = PBXBuildFile; fileRef = F5CE13E119DB00ED005E43AE /* MathOpsMinus.m */; };
		F5F6928C19DD51360094BC90 /* main+NSURL.m in Sources */ = {isa = PBXBuildFile; fileRef = F5F6928B19DD51360094BC90 /* main+NSURL.m */; };
		F5F6929219DDBFB30094BC90 /* main+copy.m in Sources */ = {isa = PBXBuildFile; fileRef = F5F6929119DDBFB30094BC90 /* main+copy.m */; };
/* End PBXBuildFile section */

/* Begin PBXCopyFilesBuildPhase section */
		F554E10A19D99F1D0026D986 /* CopyFiles */ = {
			isa = PBXCopyFilesBuildPhase;
			buildActionMask = 2147483647;
			dstPath = /usr/share/man/man1/;
			dstSubfolderSpec = 0;
			files = (
			);
			runOnlyForDeploymentPostprocessing = 1;
		};
/* End PBXCopyFilesBuildPhase section */

/* Begin PBXFileReference section */
		F554E10C19D99F1D0026D986 /* Fraction */ = {isa = PBXFileReference; explicitFileType = "compiled.mach-o.executable"; includeInIndex = 0; path = Fraction; sourceTree = BUILT_PRODUCTS_DIR; };
		F554E10F19D99F1D0026D986 /* main.m */ = {isa = PBXFileReference; lastKnownFileType = sourcecode.c.objc; path = main.m; sourceTree = "<group>"; };
		F554E11619D99F6C0026D986 /* Fraction.h */ = {isa = PBXFileReference; fileEncoding = 4; lastKnownFileType = sourcecode.c.h; path = Fraction.h; sourceTree = "<group>"; };
		F554E11719D99F6C0026D986 /* Fraction.m */ = {isa = PBXFileReference; fileEncoding = 4; lastKnownFileType = sourcecode.c.objc; path = Fraction.m; sourceTree = "<group>"; };
		F554E11919DA40D30026D986 /* XYPoint.h */ = {isa = PBXFileReference; fileEncoding = 4; lastKnownFileType = sourcecode.c.h; path = XYPoint.h; sourceTree = "<group>"; };
		F554E11A19DA40D30026D986 /* XYPoint.m */ = {isa = PBXFileReference; fileEncoding = 4; lastKnownFileType = sourcecode.c.objc; path = XYPoint.m; sourceTree = "<group>"; };
		F554E11C19DA4E5A0026D986 /* MathOps.h */ = {isa = PBXFileReference; fileEncoding = 4; lastKnownFileType = sourcecode.c.h; path = MathOps.h; sourceTree = "<group>"; };
		F554E11D19DA4E5A0026D986 /* MathOps.m */ = {isa = PBXFileReference; fileEncoding = 4; lastKnownFileType = sourcecode.c.objc; path = MathOps.m; sourceTree = "<group>"; };
		F5B52DC619DBAB4600BC08D2 /* ProcessDataDelegate.h */ = {isa = PBXFileReference; lastKnownFileType = sourcecode.c.h; path = ProcessDataDelegate.h; sourceTree = "<group>"; };
		F5B52DC719DBAB8B00BC08D2 /* TestAppDelegate.h */ = {isa = PBXFileReference; fileEncoding = 4; lastKnownFileType = sourcecode.c.h; path = TestAppDelegate.h; sourceTree = "<group>"; };
		F5B52DC819DBAB8B00BC08D2 /* TestAppDelegate.m */ = {isa = PBXFileReference; fileEncoding = 4; lastKnownFileType = sourcecode.c.objc; path = TestAppDelegate.m; sourceTree = "<group>"; };
		F5B52DCA19DBAD5600BC08D2 /* TestAddDelegate.h */ = {isa = PBXFileReference; lastKnownFileType = sourcecode.c.h; path = TestAddDelegate.h; sourceTree = "<group>"; };
		F5B52DCB19DBF06D00BC08D2 /* main+number.m */ = {isa = PBXFileReference; fileEncoding = 4; lastKnownFileType = sourcecode.c.objc; path = "main+number.m"; sourceTree = "<group>"; };
		F5B52DCD19DC047F00BC08D2 /* main+array.m */ = {isa = PBXFileReference; fileEncoding = 4; lastKnownFileType = sourcecode.c.objc; path = "main+array.m"; sourceTree = "<group>"; };
		F5B52DCF19DC252600BC08D2 /* main+NSValue.m */ = {isa = PBXFileReference; fileEncoding = 4; lastKnownFileType = sourcecode.c.objc; path = "main+NSValue.m"; sourceTree = "<group>"; };
		F5B52DD119DCDDD700BC08D2 /* main+NSSet.m */ = {isa = PBXFileReference; fileEncoding = 4; lastKnownFileType = sourcecode.c.objc; name = "main+NSSet.m"; path = "../main+NSSet.m"; sourceTree = "<group>"; };
		F5B52DD319DCE64900BC08D2 /* main+NSFileManager.m */ = {isa = PBXFileReference; fileEncoding = 4; lastKnownFileType = sourcecode.c.objc; path = "main+NSFileManager.m"; sourceTree = "<group>"; };
		F5CE13E019DB00ED005E43AE /* MathOpsMinus.h */ = {isa = PBXFileReference; fileEncoding = 4; lastKnownFileType = sourcecode.c.h; path = MathOpsMinus.h; sourceTree = "<group>"; };
		F5CE13E119DB00ED005E43AE /* MathOpsMinus.m */ = {isa = PBXFileReference; fileEncoding = 4; lastKnownFileType = sourcecode.c.objc; path = MathOpsMinus.m; sourceTree = "<group>"; };
		F5CE13E319DB029B005E43AE /* FractionSign.h */ = {isa = PBXFileReference; fileEncoding = 4; lastKnownFileType = sourcecode.c.h; path = FractionSign.h; sourceTree = "<group>"; };
		F5F6928B19DD51360094BC90 /* main+NSURL.m */ = {isa = PBXFileReference; fileEncoding = 4; lastKnownFileType = sourcecode.c.objc; path = "main+NSURL.m"; sourceTree = "<group>"; };
		F5F6929119DDBFB30094BC90 /* main+copy.m */ = {isa = PBXFileReference; fileEncoding = 4; lastKnownFileType = sourcecode.c.objc; path = "main+copy.m"; sourceTree = "<group>"; };
/* End PBXFileReference section */

/* Begin PBXFrameworksBuildPhase section */
		F554E10919D99F1D0026D986 /* Frameworks */ = {
			isa = PBXFrameworksBuildPhase;
			buildActionMask = 2147483647;
			files = (
			);
			runOnlyForDeploymentPostprocessing = 0;
		};
/* End PBXFrameworksBuildPhase section */

/* Begin PBXGroup section */
		F554E10319D99F1D0026D986 = {
			isa = PBXGroup;
			children = (
				F554E10E19D99F1D0026D986 /* Fraction */,
				F554E10D19D99F1D0026D986 /* Products */,
			);
			sourceTree = "<group>";
		};
		F554E10D19D99F1D0026D986 /* Products */ = {
			isa = PBXGroup;
			children = (
				F554E10C19D99F1D0026D986 /* Fraction */,
			);
			name = Products;
			sourceTree = "<group>";
		};
		F554E10E19D99F1D0026D986 /* Fraction */ = {
			isa = PBXGroup;
			children = (
				F554E10F19D99F1D0026D986 /* main.m */,
				F5B52DCD19DC047F00BC08D2 /* main+array.m */,
				F5B52DCB19DBF06D00BC08D2 /* main+number.m */,
				F5B52DCF19DC252600BC08D2 /* main+NSValue.m */,
				F5B52DD119DCDDD700BC08D2 /* main+NSSet.m */,
				F5B52DD319DCE64900BC08D2 /* main+NSFileManager.m */,
				F5F6928B19DD51360094BC90 /* main+NSURL.m */,
				F5F6929119DDBFB30094BC90 /* main+copy.m */,
				F5CE13E019DB00ED005E43AE /* MathOpsMinus.h */,
				F5CE13E119DB00ED005E43AE /* MathOpsMinus.m */,
				F554E11919DA40D30026D986 /* XYPoint.h */,
				F554E11A19DA40D30026D986 /* XYPoint.m */,
				F554E11619D99F6C0026D986 /* Fraction.h */,
				F5CE13E319DB029B005E43AE /* FractionSign.h */,
				F554E11719D99F6C0026D986 /* Fraction.m */,
				F554E11C19DA4E5A0026D986 /* MathOps.h */,
				F554E11D19DA4E5A0026D986 /* MathOps.m */,
				F5B52DC619DBAB4600BC08D2 /* ProcessDataDelegate.h */,
				F5B52DCA19DBAD5600BC08D2 /* TestAddDelegate.h */,
				F5B52DC719DBAB8B00BC08D2 /* TestAppDelegate.h */,
				F5B52DC819DBAB8B00BC08D2 /* TestAppDelegate.m */,
			);
			path = Fraction;
			sourceTree = "<group>";
		};
/* End PBXGroup section */

/* Begin PBXNativeTarget section */
		F554E10B19D99F1D0026D986 /* Fraction */ = {
			isa = PBXNativeTarget;
			buildConfigurationList = F554E11319D99F1D0026D986 /* Build configuration list for PBXNativeTarget "Fraction" */;
			buildPhases = (
				F554E10819D99F1D0026D986 /* Sources */,
				F554E10919D99F1D0026D986 /* Frameworks */,
				F554E10A19D99F1D0026D986 /* CopyFiles */,
			);
			buildRules = (
			);
			dependencies = (
			);
			name = Fraction;
			productName = Fraction;
			productReference = F554E10C19D99F1D0026D986 /* Fraction */;
			productType = "com.apple.product-type.tool";
		};
/* End PBXNativeTarget section */

/* Begin PBXProject section */
		F554E10419D99F1D0026D986 /* Project object */ = {
			isa = PBXProject;
			attributes = {
				LastUpgradeCheck = 0600;
				ORGANIZATIONNAME = test5d;
				TargetAttributes = {
					F554E10B19D99F1D0026D986 = {
						CreatedOnToolsVersion = 6.0.1;
					};
				};
			};
			buildConfigurationList = F554E10719D99F1D0026D986 /* Build configuration list for PBXProject "Fraction" */;
			compatibilityVersion = "Xcode 3.2";
			developmentRegion = English;
			hasScannedForEncodings = 0;
			knownRegions = (
				en,
			);
			mainGroup = F554E10319D99F1D0026D986;
			productRefGroup = F554E10D19D99F1D0026D986 /* Products */;
			projectDirPath = "";
			projectRoot = "";
			targets = (
				F554E10B19D99F1D0026D986 /* Fraction */,
			);
		};
/* End PBXProject section */

/* Begin PBXSourcesBuildPhase section */
		F554E10819D99F1D0026D986 /* Sources */ = {
			isa = PBXSourcesBuildPhase;
			buildActionMask = 2147483647;
			files = (
				F5B52DD419DCE64900BC08D2 /* main+NSFileManager.m in Sources */,
				F5B52DD219DCDDD700BC08D2 /* main+NSSet.m in Sources */,
				F5B52DC919DBAB8B00BC08D2 /* TestAppDelegate.m in Sources */,
				F5B52DCC19DBF06D00BC08D2 /* main+number.m in Sources */,
				F5B52DD019DC252600BC08D2 /* main+NSValue.m in Sources */,
				F554E11E19DA4E5A0026D986 /* MathOps.m in Sources */,
				F554E11019D99F1D0026D986 /* main.m in Sources */,
				F5F6928C19DD51360094BC90 /* main+NSURL.m in Sources */,
				F554E11B19DA40D30026D986 /* XYPoint.m in Sources */,
				F554E11819D99F6C0026D986 /* Fraction.m in Sources */,
				F5B52DCE19DC047F00BC08D2 /* main+array.m in Sources */,
				F5F6929219DDBFB30094BC90 /* main+copy.m in Sources */,
				F5CE13E219DB00ED005E43AE /* MathOpsMinus.m in Sources */,
			);
			runOnlyForDeploymentPostprocessing = 0;
		};
/* End PBXSourcesBuildPhase section */

/* Begin XCBuildConfiguration section */
		F554E11119D99F1D0026D986 /* Debug */ = {
			isa = XCBuildConfiguration;
			buildSettings = {
				ALWAYS_SEARCH_USER_PATHS = NO;
				CLANG_CXX_LANGUAGE_STANDARD = "gnu++0x";
				CLANG_CXX_LIBRARY = "libc++";
				CLANG_ENABLE_MODULES = YES;
				CLANG_ENABLE_OBJC_ARC = YES;
				CLANG_WARN_BOOL_CONVERSION = YES;
				CLANG_WARN_CONSTANT_CONVERSION = YES;
				CLANG_WARN_DIRECT_OBJC_ISA_USAGE = YES_ERROR;
				CLANG_WARN_EMPTY_BODY = YES;
				CLANG_WARN_ENUM_CONVERSION = YES;
				CLANG_WARN_INT_CONVERSION = YES;
				CLANG_WARN_OBJC_ROOT_CLASS = YES_ERROR;
				CLANG_WARN_UNREACHABLE_CODE = YES;
				CLANG_WARN__DUPLICATE_METHOD_MATCH = YES;
				COPY_PHASE_STRIP = NO;
				ENABLE_STRICT_OBJC_MSGSEND = YES;
				GCC_C_LANGUAGE_STANDARD = gnu99;
				GCC_DYNAMIC_NO_PIC = NO;
				GCC_OPTIMIZATION_LEVEL = 0;
				GCC_PREPROCESSOR_DEFINITIONS = (
					"DEBUG=1",
					"$(inherited)",
				);
				GCC_SYMBOLS_PRIVATE_EXTERN = NO;
				GCC_WARN_64_TO_32_BIT_CONVERSION = YES;
				GCC_WARN_ABOUT_RETURN_TYPE = YES_ERROR;
				GCC_WARN_UNDECLARED_SELECTOR = YES;
				GCC_WARN_UNINITIALIZED_AUTOS = YES_AGGRESSIVE;
				GCC_WARN_UNUSED_FUNCTION = YES;
				GCC_WARN_UNUSED_VARIABLE = YES;
				MACOSX_DEPLOYMENT_TARGET = 10.9;
				MTL_ENABLE_DEBUG_INFO = YES;
				ONLY_ACTIVE_ARCH = YES;
				SDKROOT = macosx;
			};
			name = Debug;
		};
		F554E11219D99F1D0026D986 /* Release */ = {
			isa = XCBuildConfiguration;
			buildSettings = {
				ALWAYS_SEARCH_USER_PATHS = NO;
				CLANG_CXX_LANGUAGE_STANDARD = "gnu++0x";
				CLANG_CXX_LIBRARY = "libc++";
				CLANG_ENABLE_MODULES = YES;
				CLANG_ENABLE_OBJC_ARC = YES;
				CLANG_WARN_BOOL_CONVERSION = YES;
				CLANG_WARN_CONSTANT_CONVERSION = YES;
				CLANG_WARN_DIRECT_OBJC_ISA_USAGE = YES_ERROR;
				CLANG_WARN_EMPTY_BODY = YES;
				CLANG_WARN_ENUM_CONVERSION = YES;
				CLANG_WARN_INT_CONVERSION = YES;
				CLANG_WARN_OBJC_ROOT_CLASS = YES_ERROR;
				CLANG_WARN_UNREACHABLE_CODE = YES;
				CLANG_WARN__DUPLICATE_METHOD_MATCH = YES;
				COPY_PHASE_STRIP = YES;
				DEBUG_INFORMATION_FORMAT = "dwarf-with-dsym";
				ENABLE_NS_ASSERTIONS = NO;
				ENABLE_STRICT_OBJC_MSGSEND = YES;
				GCC_C_LANGUAGE_STANDARD = gnu99;
				GCC_WARN_64_TO_32_BIT_CONVERSION = YES;
				GCC_WARN_ABOUT_RETURN_TYPE = YES_ERROR;
				GCC_WARN_UNDECLARED_SELECTOR = YES;
				GCC_WARN_UNINITIALIZED_AUTOS = YES_AGGRESSIVE;
				GCC_WARN_UNUSED_FUNCTION = YES;
				GCC_WARN_UNUSED_VARIABLE = YES;
				MACOSX_DEPLOYMENT_TARGET = 10.9;
				MTL_ENABLE_DEBUG_INFO = NO;
				SDKROOT = macosx;
			};
			name = Release;
		};
		F554E11419D99F1D0026D986 /* Debug */ = {
			isa = XCBuildConfiguration;
			buildSettings = {
				PRODUCT_NAME = "$(TARGET_NAME)";
			};
			name = Debug;
		};
		F554E11519D99F1D0026D986 /* Release */ = {
			isa = XCBuildConfiguration;
			buildSettings = {
				PRODUCT_NAME = "$(TARGET_NAME)";
			};
			name = Release;
		};
/* End XCBuildConfiguration section */

/* Begin XCConfigurationList section */
		F554E10719D99F1D0026D986 /* Build configuration list for PBXProject "Fraction" */ = {
			isa = XCConfigurationList;
			buildConfigurations = (
				F554E11119D99F1D0026D986 /* Debug */,
				F554E11219D99F1D0026D986 /* Release */,
			);
			defaultConfigurationIsVisible = 0;
			defaultConfigurationName = Release;
		};
		F554E11319D99F1D0026D986 /* Build configuration list for PBXNativeTarget "Fraction" */ = {
			isa = XCConfigurationList;
			buildConfigurations = (
				F554E11419D99F1D0026D986 /* Debug */,
				F554E11519D99F1D0026D986 /* Release */,
			);
			defaultConfigurationIsVisible = 0;
			defaultConfigurationName = Release;
		};
/* End XCConfigurationList section */
	};
	rootObject = F554E10419D99F1D0026D986 /* Project object */;
}
