// !$*UTF8*$!
{
	archiveVersion = 1;
	classes = {
	};
	objectVersion = 46;
	objects = {

/* Begin PBXBuildFile section */
		F58B804A1BB17D84000ACB9A /* AppDelegate.swift in Sources */ = {isa = PBXBuildFile; fileRef = F58B80491BB17D84000ACB9A /* AppDelegate.swift */; };
		F58B804C1BB17D84000ACB9A /* ViewController.swift in Sources */ = {isa = PBXBuildFile; fileRef = F58B804B1BB17D84000ACB9A /* ViewController.swift */; };
		F58B804F1BB17D84000ACB9A /* Main.storyboard in Resources */ = {isa = PBXBuildFile; fileRef = F58B804D1BB17D84000ACB9A /* Main.storyboard */; };
		F58B80511BB17D84000ACB9A /* Assets.xcassets in Resources */ = {isa = PBXBuildFile; fileRef = F58B80501BB17D84000ACB9A /* Assets.xcassets */; };
		F58B80541BB17D84000ACB9A /* LaunchScreen.storyboard in Resources */ = {isa = PBXBuildFile; fileRef = F58B80521BB17D84000ACB9A /* LaunchScreen.storyboard */; };
		F58B805C1BB17E20000ACB9A /* CalculatorBrain.swift in Sources */ = {isa = PBXBuildFile; fileRef = F58B805B1BB17E20000ACB9A /* CalculatorBrain.swift */; settings = {ASSET_TAGS = (); }; };
/* End PBXBuildFile section */

/* Begin PBXFileReference section */
		F58B80461BB17D84000ACB9A /* Calculator.app */ = {isa = PBXFileReference; explicitFileType = wrapper.application; includeInIndex = 0; path = Calculator.app; sourceTree = BUILT_PRODUCTS_DIR; };
		F58B80491BB17D84000ACB9A /* AppDelegate.swift */ = {isa = PBXFileReference; lastKnownFileType = sourcecode.swift; path = AppDelegate.swift; sourceTree = "<group>"; };
		F58B804B1BB17D84000ACB9A /* ViewController.swift */ = {isa = PBXFileReference; lastKnownFileType = sourcecode.swift; path = ViewController.swift; sourceTree = "<group>"; };
		F58B804E1BB17D84000ACB9A /* Base */ = {isa = PBXFileReference; lastKnownFileType = file.storyboard; name = Base; path = Base.lproj/Main.storyboard; sourceTree = "<group>"; };
		F58B80501BB17D84000ACB9A /* Assets.xcassets */ = {isa = PBXFileReference; lastKnownFileType = folder.assetcatalog; path = Assets.xcassets; sourceTree = "<group>"; };
		F58B80531BB17D84000ACB9A /* Base */ = {isa = PBXFileReference; lastKnownFileType = file.storyboard; name = Base; path = Base.lproj/LaunchScreen.storyboard; sourceTree = "<group>"; };
		F58B80551BB17D84000ACB9A /* Info.plist */ = {isa = PBXFileReference; lastKnownFileType = text.plist.xml; path = Info.plist; sourceTree = "<group>"; };
		F58B805B1BB17E20000ACB9A /* CalculatorBrain.swift */ = {isa = PBXFileReference; fileEncoding = 4; lastKnownFileType = sourcecode.swift; path = CalculatorBrain.swift; sourceTree = "<group>"; };
		F58B805D1BB17FA8000ACB9A /* TestCalculatorBrain.playground */ = {isa = PBXFileReference; lastKnownFileType = file.playground; path = TestCalculatorBrain.playground; sourceTree = "<group>"; };
/* End PBXFileReference section */

/* Begin PBXFrameworksBuildPhase section */
		F58B80431BB17D84000ACB9A /* Frameworks */ = {
			isa = PBXFrameworksBuildPhase;
			buildActionMask = 2147483647;
			files = (
			);
			runOnlyForDeploymentPostprocessing = 0;
		};
/* End PBXFrameworksBuildPhase section */

/* Begin PBXGroup section */
		F58B803D1BB17D84000ACB9A = {
			isa = PBXGroup;
			children = (
				F58B80481BB17D84000ACB9A /* Calculator */,
				F58B80471BB17D84000ACB9A /* Products */,
			);
			sourceTree = "<group>";
		};
		F58B80471BB17D84000ACB9A /* Products */ = {
			isa = PBXGroup;
			children = (
				F58B80461BB17D84000ACB9A /* Calculator.app */,
			);
			name = Products;
			sourceTree = "<group>";
		};
		F58B80481BB17D84000ACB9A /* Calculator */ = {
			isa = PBXGroup;
			children = (
				F58B80491BB17D84000ACB9A /* AppDelegate.swift */,
				F58B804B1BB17D84000ACB9A /* ViewController.swift */,
				F58B804D1BB17D84000ACB9A /* Main.storyboard */,
				F58B80501BB17D84000ACB9A /* Assets.xcassets */,
				F58B80521BB17D84000ACB9A /* LaunchScreen.storyboard */,
				F58B80551BB17D84000ACB9A /* Info.plist */,
				F58B805B1BB17E20000ACB9A /* CalculatorBrain.swift */,
				F58B805D1BB17FA8000ACB9A /* TestCalculatorBrain.playground */,
			);
			path = Calculator;
			sourceTree = "<group>";
		};
/* End PBXGroup section */

/* Begin PBXNativeTarget section */
		F58B80451BB17D84000ACB9A /* Calculator */ = {
			isa = PBXNativeTarget;
			buildConfigurationList = F58B80581BB17D84000ACB9A /* Build configuration list for PBXNativeTarget "Calculator" */;
			buildPhases = (
				F58B80421BB17D84000ACB9A /* Sources */,
				F58B80431BB17D84000ACB9A /* Frameworks */,
				F58B80441BB17D84000ACB9A /* Resources */,
			);
			buildRules = (
			);
			dependencies = (
			);
			name = Calculator;
			productName = Calculator;
			productReference = F58B80461BB17D84000ACB9A /* Calculator.app */;
			productType = "com.apple.product-type.application";
		};
/* End PBXNativeTarget section */

/* Begin PBXProject section */
		F58B803E1BB17D84000ACB9A /* Project object */ = {
			isa = PBXProject;
			attributes = {
				LastUpgradeCheck = 0700;
				ORGANIZATIONNAME = test5d;
				TargetAttributes = {
					F58B80451BB17D84000ACB9A = {
						CreatedOnToolsVersion = 7.0;
					};
				};
			};
			buildConfigurationList = F58B80411BB17D84000ACB9A /* Build configuration list for PBXProject "Calculator" */;
			compatibilityVersion = "Xcode 3.2";
			developmentRegion = English;
			hasScannedForEncodings = 0;
			knownRegions = (
				en,
				Base,
			);
			mainGroup = F58B803D1BB17D84000ACB9A;
			productRefGroup = F58B80471BB17D84000ACB9A /* Products */;
			projectDirPath = "";
			projectRoot = "";
			targets = (
				F58B80451BB17D84000ACB9A /* Calculator */,
			);
		};
/* End PBXProject section */

/* Begin PBXResourcesBuildPhase section */
		F58B80441BB17D84000ACB9A /* Resources */ = {
			isa = PBXResourcesBuildPhase;
			buildActionMask = 2147483647;
			files = (
				F58B80541BB17D84000ACB9A /* LaunchScreen.storyboard in Resources */,
				F58B80511BB17D84000ACB9A /* Assets.xcassets in Resources */,
				F58B804F1BB17D84000ACB9A /* Main.storyboard in Resources */,
			);
			runOnlyForDeploymentPostprocessing = 0;
		};
/* End PBXResourcesBuildPhase section */

/* Begin PBXSourcesBuildPhase section */
		F58B80421BB17D84000ACB9A /* Sources */ = {
			isa = PBXSourcesBuildPhase;
			buildActionMask = 2147483647;
			files = (
				F58B805C1BB17E20000ACB9A /* CalculatorBrain.swift in Sources */,
				F58B804C1BB17D84000ACB9A /* ViewController.swift in Sources */,
				F58B804A1BB17D84000ACB9A /* AppDelegate.swift in Sources */,
			);
			runOnlyForDeploymentPostprocessing = 0;
		};
/* End PBXSourcesBuildPhase section */

/* Begin PBXVariantGroup section */
		F58B804D1BB17D84000ACB9A /* Main.storyboard */ = {
			isa = PBXVariantGroup;
			children = (
				F58B804E1BB17D84000ACB9A /* Base */,
			);
			name = Main.storyboard;
			sourceTree = "<group>";
		};
		F58B80521BB17D84000ACB9A /* LaunchScreen.storyboard */ = {
			isa = PBXVariantGroup;
			children = (
				F58B80531BB17D84000ACB9A /* Base */,
			);
			name = LaunchScreen.storyboard;
			sourceTree = "<group>";
		};
/* End PBXVariantGroup section */

/* Begin XCBuildConfiguration section */
		F58B80561BB17D84000ACB9A /* Debug */ = {
			isa = XCBuildConfiguration;
			buildSettings = {
				ALWAYS_SEARCH_USER_PATHS = NO;
				CLANG_CXX_LANGUAGE_STANDARD = "gnu++0x";
				CLANG_CXX_LIBRARY = "libc++";
				CLANG_ENABLE_MODULES = YES;
				CLANG_ENABLE_OBJC_ARC = YES;
				CLANG_WARN_BOOL_CONVERSION = YES;
				CLANG_WARN_CONSTANT_CONVERSION = YES;
				CLANG_WARN_DIRECT_OBJC_ISA_USAGE = YES_ERROR;
				CLANG_WARN_EMPTY_BODY = YES;
				CLANG_WARN_ENUM_CONVERSION = YES;
				CLANG_WARN_INT_CONVERSION = YES;
				CLANG_WARN_OBJC_ROOT_CLASS = YES_ERROR;
				CLANG_WARN_UNREACHABLE_CODE = YES;
				CLANG_WARN__DUPLICATE_METHOD_MATCH = YES;
				"CODE_SIGN_IDENTITY[sdk=iphoneos*]" = "iPhone Developer";
				COPY_PHASE_STRIP = NO;
				DEBUG_INFORMATION_FORMAT = dwarf;
				ENABLE_STRICT_OBJC_MSGSEND = YES;
				ENABLE_TESTABILITY = YES;
				GCC_C_LANGUAGE_STANDARD = gnu99;
				GCC_DYNAMIC_NO_PIC = NO;
				GCC_NO_COMMON_BLOCKS = YES;
				GCC_OPTIMIZATION_LEVEL = 0;
				GCC_PREPROCESSOR_DEFINITIONS = (
					"DEBUG=1",
					"$(inherited)",
				);
				GCC_WARN_64_TO_32_BIT_CONVERSION = YES;
				GCC_WARN_ABOUT_RETURN_TYPE = YES_ERROR;
				GCC_WARN_UNDECLARED_SELECTOR = YES;
				GCC_WARN_UNINITIALIZED_AUTOS = YES_AGGRESSIVE;
				GCC_WARN_UNUSED_FUNCTION = YES;
				GCC_WARN_UNUSED_VARIABLE = YES;
				IPHONEOS_DEPLOYMENT_TARGET = 9.0;
				MTL_ENABLE_DEBUG_INFO = YES;
				ONLY_ACTIVE_ARCH = YES;
				SDKROOT = iphoneos;
				SWIFT_OPTIMIZATION_LEVEL = "-Onone";
				TARGETED_DEVICE_FAMILY = "1,2";
			};
			name = Debug;
		};
		F58B80571BB17D84000ACB9A /* Release */ = {
			isa = XCBuildConfiguration;
			buildSettings = {
				ALWAYS_SEARCH_USER_PATHS = NO;
				CLANG_CXX_LANGUAGE_STANDARD = "gnu++0x";
				CLANG_CXX_LIBRARY = "libc++";
				CLANG_ENABLE_MODULES = YES;
				CLANG_ENABLE_OBJC_ARC = YES;
				CLANG_WARN_BOOL_CONVERSION = YES;
				CLANG_WARN_CONSTANT_CONVERSION = YES;
				CLANG_WARN_DIRECT_OBJC_ISA_USAGE = YES_ERROR;
				CLANG_WARN_EMPTY_BODY = YES;
				CLANG_WARN_ENUM_CONVERSION = YES;
				CLANG_WARN_INT_CONVERSION = YES;
				CLANG_WARN_OBJC_ROOT_CLASS = YES_ERROR;
				CLANG_WARN_UNREACHABLE_CODE = YES;
				CLANG_WARN__DUPLICATE_METHOD_MATCH = YES;
				"CODE_SIGN_IDENTITY[sdk=iphoneos*]" = "iPhone Developer";
				COPY_PHASE_STRIP = NO;
				DEBUG_INFORMATION_FORMAT = "dwarf-with-dsym";
				ENABLE_NS_ASSERTIONS = NO;
				ENABLE_STRICT_OBJC_MSGSEND = YES;
				GCC_C_LANGUAGE_STANDARD = gnu99;
				GCC_NO_COMMON_BLOCKS = YES;
				GCC_WARN_64_TO_32_BIT_CONVERSION = YES;
				GCC_WARN_ABOUT_RETURN_TYPE = YES_ERROR;
				GCC_WARN_UNDECLARED_SELECTOR = YES;
				GCC_WARN_UNINITIALIZED_AUTOS = YES_AGGRESSIVE;
				GCC_WARN_UNUSED_FUNCTION = YES;
				GCC_WARN_UNUSED_VARIABLE = YES;
				IPHONEOS_DEPLOYMENT_TARGET = 9.0;
				MTL_ENABLE_DEBUG_INFO = NO;
				SDKROOT = iphoneos;
				TARGETED_DEVICE_FAMILY = "1,2";
				VALIDATE_PRODUCT = YES;
			};
			name = Release;
		};
		F58B80591BB17D84000ACB9A /* Debug */ = {
			isa = XCBuildConfiguration;
			buildSettings = {
				ASSETCATALOG_COMPILER_APPICON_NAME = AppIcon;
				INFOPLIST_FILE = Calculator/Info.plist;
				LD_RUNPATH_SEARCH_PATHS = "$(inherited) @executable_path/Frameworks";
				PRODUCT_BUNDLE_IDENTIFIER = com.cg.instructor.Calculator;
				PRODUCT_NAME = "$(TARGET_NAME)";
			};
			name = Debug;
		};
		F58B805A1BB17D84000ACB9A /* Release */ = {
			isa = XCBuildConfiguration;
			buildSettings = {
				ASSETCATALOG_COMPILER_APPICON_NAME = AppIcon;
				INFOPLIST_FILE = Calculator/Info.plist;
				LD_RUNPATH_SEARCH_PATHS = "$(inherited) @executable_path/Frameworks";
				PRODUCT_BUNDLE_IDENTIFIER = com.cg.instructor.Calculator;
				PRODUCT_NAME = "$(TARGET_NAME)";
			};
			name = Release;
		};
/* End XCBuildConfiguration section */

/* Begin XCConfigurationList section */
		F58B80411BB17D84000ACB9A /* Build configuration list for PBXProject "Calculator" */ = {
			isa = XCConfigurationList;
			buildConfigurations = (
				F58B80561BB17D84000ACB9A /* Debug */,
				F58B80571BB17D84000ACB9A /* Release */,
			);
			defaultConfigurationIsVisible = 0;
			defaultConfigurationName = Release;
		};
		F58B80581BB17D84000ACB9A /* Build configuration list for PBXNativeTarget "Calculator" */ = {
			isa = XCConfigurationList;
			buildConfigurations = (
				F58B80591BB17D84000ACB9A /* Debug */,
				F58B805A1BB17D84000ACB9A /* Release */,
			);
			defaultConfigurationIsVisible = 0;
		};
/* End XCConfigurationList section */
	};
	rootObject = F58B803E1BB17D84000ACB9A /* Project object */;
}
